{
  "name": "fixlo-client",
  "version": "1.7.0",
  "lockfileVersion": 3,
  "requires": true,
  "packages": {
    "": {
      "name": "fixlo-client",
      "version": "1.7.0",
      "dependencies": {
        "@vercel/analytics": "...",
        "react": "...",
        "react-dom": "...",
        "react-helmet-async": "...",
        "react-router-dom": "...",
        "twilio": "..."
      },
      "devDependencies": {
        "@tailwindcss/aspect-ratio": "...",
        "@tailwindcss/forms": "...",
        "@vitejs/plugin-react": "...",
        "autoprefixer": "...",
        "postcss": "...",
        "tailwindcss": "...",
        "vite": "..."
      },
      "engines": {
        "node": "20.x"
      }
    },
    "...": {},
    "node_modules/@tailwindcss/aspect-ratio": {
      "resolved": "...",
      "link": true
    },
    "node_modules/@tailwindcss/forms": {
      "resolved": "...",
      "link": true
    },
    "node_modules/@vercel/analytics": {
      "resolved": "...",
      "link": true
    },
    "node_modules/@vitejs/plugin-react": {
      "resolved": "...",
      "link": true
    },
    "node_modules/autoprefixer": {
      "resolved": "...",
      "link": true
    },
    "node_modules/postcss": {
      "resolved": "...",
      "link": true
    },
    "node_modules/react": {
      "resolved": "...",
      "link": true
    },
    "node_modules/react-dom": {
      "resolved": "...",
      "link": true
    },
    "node_modules/react-helmet-async": {
      "resolved": "...",
      "link": true
    },
    "node_modules/react-router-dom": {
      "resolved": "...",
      "link": true
    },
    "node_modules/tailwindcss": {
      "resolved": "...",
      "link": true
    },
    "node_modules/twilio": {
      "resolved": "...",
      "link": true
    },
    "node_modules/vite": {
      "resolved": "...",
      "link": true
    }
  }
}
